
Microsoft Visual Studio Solution File, Format Version 12.00
# Visual Studio Version 17
VisualStudioVersion = 17.3.32811.315
MinimumVisualStudioVersion = 10.0.40219.1
Project("{FAE04EC0-301F-11D3-BF4B-00C04F79EFBC}") = "DotNet.Marketplace.Domain", "DotNet.Marketplace.Domain\DotNet.Marketplace.Domain.csproj", "{1B4D4C96-4860-47A7-BD09-537CE69801E8}"
EndProject
Project("{FAE04EC0-301F-11D3-BF4B-00C04F79EFBC}") = "DotNet.Marketplace.Application", "DotNet.Marketplace.Application\DotNet.Marketplace.Application.csproj", "{28AC14CA-0D04-49E2-82A0-9E6382CD5EA8}"
EndProject
Project("{FAE04EC0-301F-11D3-BF4B-00C04F79EFBC}") = "DotNet.Marketplace.Infra.Data", "DotNet.Marketplace.Infra.Data\DotNet.Marketplace.Infra.Data.csproj", "{24BA76A7-0550-4E34-A612-F8B986FCBF25}"
EndProject
Project("{FAE04EC0-301F-11D3-BF4B-00C04F79EFBC}") = "DotNet.Marketplace.Infra.IoC", "DotNet.Marketplace.Infra.IoC\DotNet.Marketplace.Infra.IoC.csproj", "{C00DD322-E318-4A31-8A1F-C557271CC32B}"
EndProject
Project("{FAE04EC0-301F-11D3-BF4B-00C04F79EFBC}") = "DotNet.Marketplace.Api", "DotNet.Marketplace.Api\DotNet.Marketplace.Api.csproj", "{8DAC3A7C-1086-4A4F-928E-AEFFAC6422D1}"
EndProject
Global
	GlobalSection(SolutionConfigurationPlatforms) = preSolution
		Debug|Any CPU = Debug|Any CPU
		Release|Any CPU = Release|Any CPU
	EndGlobalSection
	GlobalSection(ProjectConfigurationPlatforms) = postSolution
		{1B4D4C96-4860-47A7-BD09-537CE69801E8}.Debug|Any CPU.ActiveCfg = Debug|Any CPU
		{1B4D4C96-4860-47A7-BD09-537CE69801E8}.Debug|Any CPU.Build.0 = Debug|Any CPU
		{1B4D4C96-4860-47A7-BD09-537CE69801E8}.Release|Any CPU.ActiveCfg = Release|Any CPU
		{1B4D4C96-4860-47A7-BD09-537CE69801E8}.Release|Any CPU.Build.0 = Release|Any CPU
		{28AC14CA-0D04-49E2-82A0-9E6382CD5EA8}.Debug|Any CPU.ActiveCfg = Debug|Any CPU
		{28AC14CA-0D04-49E2-82A0-9E6382CD5EA8}.Debug|Any CPU.Build.0 = Debug|Any CPU
		{28AC14CA-0D04-49E2-82A0-9E6382CD5EA8}.Release|Any CPU.ActiveCfg = Release|Any CPU
		{28AC14CA-0D04-49E2-82A0-9E6382CD5EA8}.Release|Any CPU.Build.0 = Release|Any CPU
		{24BA76A7-0550-4E34-A612-F8B986FCBF25}.Debug|Any CPU.ActiveCfg = Debug|Any CPU
		{24BA76A7-0550-4E34-A612-F8B986FCBF25}.Debug|Any CPU.Build.0 = Debug|Any CPU
		{24BA76A7-0550-4E34-A612-F8B986FCBF25}.Release|Any CPU.ActiveCfg = Release|Any CPU
		{24BA76A7-0550-4E34-A612-F8B986FCBF25}.Release|Any CPU.Build.0 = Release|Any CPU
		{C00DD322-E318-4A31-8A1F-C557271CC32B}.Debug|Any CPU.ActiveCfg = Debug|Any CPU
		{C00DD322-E318-4A31-8A1F-C557271CC32B}.Debug|Any CPU.Build.0 = Debug|Any CPU
		{C00DD322-E318-4A31-8A1F-C557271CC32B}.Release|Any CPU.ActiveCfg = Release|Any CPU
		{C00DD322-E318-4A31-8A1F-C557271CC32B}.Release|Any CPU.Build.0 = Release|Any CPU
		{8DAC3A7C-1086-4A4F-928E-AEFFAC6422D1}.Debug|Any CPU.ActiveCfg = Debug|Any CPU
		{8DAC3A7C-1086-4A4F-928E-AEFFAC6422D1}.Debug|Any CPU.Build.0 = Debug|Any CPU
		{8DAC3A7C-1086-4A4F-928E-AEFFAC6422D1}.Release|Any CPU.ActiveCfg = Release|Any CPU
		{8DAC3A7C-1086-4A4F-928E-AEFFAC6422D1}.Release|Any CPU.Build.0 = Release|Any CPU
	EndGlobalSection
	GlobalSection(SolutionProperties) = preSolution
		HideSolutionNode = FALSE
	EndGlobalSection
	GlobalSection(ExtensibilityGlobals) = postSolution
		SolutionGuid = {16FCD6A2-B690-4284-8B29-5D96F79C9AC8}
	EndGlobalSection
EndGlobal
